// !$*UTF8*$!
{
	archiveVersion = 1;
	classes = {
	};
	objectVersion = 55;
	objects = {

/* Begin PBXBuildFile section */
		520B8341282301BC008FE2E6 /* FavoritesViewController.swift in Sources */ = {isa = PBXBuildFile; fileRef = 520B8340282301BC008FE2E6 /* FavoritesViewController.swift */; };
		520B83452823302A008FE2E6 /* TabBarController.swift in Sources */ = {isa = PBXBuildFile; fileRef = 520B83442823302A008FE2E6 /* TabBarController.swift */; };
		520B834928243DC6008FE2E6 /* SearchResultsCollectionView.swift in Sources */ = {isa = PBXBuildFile; fileRef = 520B834828243DC6008FE2E6 /* SearchResultsCollectionView.swift */; };
		520B834B2824737A008FE2E6 /* NetworkService.swift in Sources */ = {isa = PBXBuildFile; fileRef = 520B834A2824737A008FE2E6 /* NetworkService.swift */; };
		520B834D28254889008FE2E6 /* CastCollectionView.swift in Sources */ = {isa = PBXBuildFile; fileRef = 520B834C28254889008FE2E6 /* CastCollectionView.swift */; };
		520B834F28255A9D008FE2E6 /* CastView.swift in Sources */ = {isa = PBXBuildFile; fileRef = 520B834E28255A9D008FE2E6 /* CastView.swift */; };
		520B83512825E8DD008FE2E6 /* NetworkServiceProtocol.swift in Sources */ = {isa = PBXBuildFile; fileRef = 520B83502825E8DD008FE2E6 /* NetworkServiceProtocol.swift */; };
		520B83532825F1B2008FE2E6 /* NetworkServiceProtocolImplementation.swift in Sources */ = {isa = PBXBuildFile; fileRef = 520B83522825F1B2008FE2E6 /* NetworkServiceProtocolImplementation.swift */; };
		520B83552825F63A008FE2E6 /* NetworkChecker.swift in Sources */ = {isa = PBXBuildFile; fileRef = 520B83542825F63A008FE2E6 /* NetworkChecker.swift */; };
		520B83572826B098008FE2E6 /* CategoryModel.swift in Sources */ = {isa = PBXBuildFile; fileRef = 520B83562826B098008FE2E6 /* CategoryModel.swift */; };
		520B835B2827FA5E008FE2E6 /* TMDBMovieModel.swift in Sources */ = {isa = PBXBuildFile; fileRef = 520B835A2827FA5E008FE2E6 /* TMDBMovieModel.swift */; };
		520B835D2827FE9B008FE2E6 /* TMDBCreditsModel.swift in Sources */ = {isa = PBXBuildFile; fileRef = 520B835C2827FE9B008FE2E6 /* TMDBCreditsModel.swift */; };
		520B83612828453F008FE2E6 /* TMDBGenresModel.swift in Sources */ = {isa = PBXBuildFile; fileRef = 520B83602828453F008FE2E6 /* TMDBGenresModel.swift */; };
		52325511280366DB009103F0 /* MovieCollectionView.swift in Sources */ = {isa = PBXBuildFile; fileRef = 52325510280366DB009103F0 /* MovieCollectionView.swift */; };
		5232551528044EEE009103F0 /* MovieAppData in Frameworks */ = {isa = PBXBuildFile; productRef = 5232551428044EEE009103F0 /* MovieAppData */; };
		5232551728045185009103F0 /* MovieCell.swift in Sources */ = {isa = PBXBuildFile; fileRef = 5232551628045185009103F0 /* MovieCell.swift */; };
		524356FC27F0FC370051EB9B /* AppViewController.swift in Sources */ = {isa = PBXBuildFile; fileRef = 524356FB27F0FC370051EB9B /* AppViewController.swift */; };
		5285DC3427EC6D2A005195AC /* AppDelegate.swift in Sources */ = {isa = PBXBuildFile; fileRef = 5285DC3327EC6D2A005195AC /* AppDelegate.swift */; };
		5285DC3627EC6D2A005195AC /* SceneDelegate.swift in Sources */ = {isa = PBXBuildFile; fileRef = 5285DC3527EC6D2A005195AC /* SceneDelegate.swift */; };
		5285DC3D27EC6D2C005195AC /* Assets.xcassets in Resources */ = {isa = PBXBuildFile; fileRef = 5285DC3C27EC6D2C005195AC /* Assets.xcassets */; };
		52998C882806E3B80062DB15 /* MovieCardView.swift in Sources */ = {isa = PBXBuildFile; fileRef = 52998C872806E3B80062DB15 /* MovieCardView.swift */; };
		52D2154E2802116B005967F4 /* MovieListViewController.swift in Sources */ = {isa = PBXBuildFile; fileRef = 52D2154D2802116B005967F4 /* MovieListViewController.swift */; };
		52D21550280211B7005967F4 /* SearchBarView.swift in Sources */ = {isa = PBXBuildFile; fileRef = 52D2154F280211B7005967F4 /* SearchBarView.swift */; };
		52D2155328021EE5005967F4 /* SnapKit in Frameworks */ = {isa = PBXBuildFile; productRef = 52D2155228021EE5005967F4 /* SnapKit */; };
		52F1688328090C80001E5539 /* CategoryGroupView.swift in Sources */ = {isa = PBXBuildFile; fileRef = 52F1688228090C80001E5539 /* CategoryGroupView.swift */; };
/* End PBXBuildFile section */

/* Begin PBXFileReference section */
		520B8340282301BC008FE2E6 /* FavoritesViewController.swift */ = {isa = PBXFileReference; lastKnownFileType = sourcecode.swift; path = FavoritesViewController.swift; sourceTree = "<group>"; };
		520B83442823302A008FE2E6 /* TabBarController.swift */ = {isa = PBXFileReference; lastKnownFileType = sourcecode.swift; path = TabBarController.swift; sourceTree = "<group>"; };
		520B834828243DC6008FE2E6 /* SearchResultsCollectionView.swift */ = {isa = PBXFileReference; lastKnownFileType = sourcecode.swift; path = SearchResultsCollectionView.swift; sourceTree = "<group>"; };
		520B834A2824737A008FE2E6 /* NetworkService.swift */ = {isa = PBXFileReference; lastKnownFileType = sourcecode.swift; path = NetworkService.swift; sourceTree = "<group>"; };
		520B834C28254889008FE2E6 /* CastCollectionView.swift */ = {isa = PBXFileReference; lastKnownFileType = sourcecode.swift; path = CastCollectionView.swift; sourceTree = "<group>"; };
		520B834E28255A9D008FE2E6 /* CastView.swift */ = {isa = PBXFileReference; lastKnownFileType = sourcecode.swift; path = CastView.swift; sourceTree = "<group>"; };
		520B83502825E8DD008FE2E6 /* NetworkServiceProtocol.swift */ = {isa = PBXFileReference; lastKnownFileType = sourcecode.swift; path = NetworkServiceProtocol.swift; sourceTree = "<group>"; };
		520B83522825F1B2008FE2E6 /* NetworkServiceProtocolImplementation.swift */ = {isa = PBXFileReference; lastKnownFileType = sourcecode.swift; path = NetworkServiceProtocolImplementation.swift; sourceTree = "<group>"; };
		520B83542825F63A008FE2E6 /* NetworkChecker.swift */ = {isa = PBXFileReference; lastKnownFileType = sourcecode.swift; path = NetworkChecker.swift; sourceTree = "<group>"; };
		520B83562826B098008FE2E6 /* CategoryModel.swift */ = {isa = PBXFileReference; lastKnownFileType = sourcecode.swift; path = CategoryModel.swift; sourceTree = "<group>"; };
		520B835A2827FA5E008FE2E6 /* TMDBMovieModel.swift */ = {isa = PBXFileReference; lastKnownFileType = sourcecode.swift; path = TMDBMovieModel.swift; sourceTree = "<group>"; };
		520B835C2827FE9B008FE2E6 /* TMDBCreditsModel.swift */ = {isa = PBXFileReference; lastKnownFileType = sourcecode.swift; path = TMDBCreditsModel.swift; sourceTree = "<group>"; };
		520B83602828453F008FE2E6 /* TMDBGenresModel.swift */ = {isa = PBXFileReference; lastKnownFileType = sourcecode.swift; path = TMDBGenresModel.swift; sourceTree = "<group>"; };
		5232550D2802201C009103F0 /* XCTest.framework */ = {isa = PBXFileReference; lastKnownFileType = wrapper.framework; name = XCTest.framework; path = Platforms/iPhoneOS.platform/Developer/Library/Frameworks/XCTest.framework; sourceTree = DEVELOPER_DIR; };
		52325510280366DB009103F0 /* MovieCollectionView.swift */ = {isa = PBXFileReference; lastKnownFileType = sourcecode.swift; path = MovieCollectionView.swift; sourceTree = "<group>"; };
		5232551628045185009103F0 /* MovieCell.swift */ = {isa = PBXFileReference; lastKnownFileType = sourcecode.swift; path = MovieCell.swift; sourceTree = "<group>"; };
		524356FB27F0FC370051EB9B /* AppViewController.swift */ = {isa = PBXFileReference; lastKnownFileType = sourcecode.swift; path = AppViewController.swift; sourceTree = "<group>"; };
		5285DC3027EC6D2A005195AC /* MovieApp.app */ = {isa = PBXFileReference; explicitFileType = wrapper.application; includeInIndex = 0; path = MovieApp.app; sourceTree = BUILT_PRODUCTS_DIR; };
		5285DC3327EC6D2A005195AC /* AppDelegate.swift */ = {isa = PBXFileReference; lastKnownFileType = sourcecode.swift; path = AppDelegate.swift; sourceTree = "<group>"; };
		5285DC3527EC6D2A005195AC /* SceneDelegate.swift */ = {isa = PBXFileReference; lastKnownFileType = sourcecode.swift; path = SceneDelegate.swift; sourceTree = "<group>"; };
		5285DC3C27EC6D2C005195AC /* Assets.xcassets */ = {isa = PBXFileReference; lastKnownFileType = folder.assetcatalog; path = Assets.xcassets; sourceTree = "<group>"; };
		5285DC4127EC6D2C005195AC /* Info.plist */ = {isa = PBXFileReference; lastKnownFileType = text.plist.xml; path = Info.plist; sourceTree = "<group>"; };
		52998C872806E3B80062DB15 /* MovieCardView.swift */ = {isa = PBXFileReference; lastKnownFileType = sourcecode.swift; path = MovieCardView.swift; sourceTree = "<group>"; };
		52D2154D2802116B005967F4 /* MovieListViewController.swift */ = {isa = PBXFileReference; lastKnownFileType = sourcecode.swift; path = MovieListViewController.swift; sourceTree = "<group>"; };
		52D2154F280211B7005967F4 /* SearchBarView.swift */ = {isa = PBXFileReference; lastKnownFileType = sourcecode.swift; path = SearchBarView.swift; sourceTree = "<group>"; };
		52F1688228090C80001E5539 /* CategoryGroupView.swift */ = {isa = PBXFileReference; lastKnownFileType = sourcecode.swift; path = CategoryGroupView.swift; sourceTree = "<group>"; };
/* End PBXFileReference section */

/* Begin PBXFrameworksBuildPhase section */
		5285DC2D27EC6D2A005195AC /* Frameworks */ = {
			isa = PBXFrameworksBuildPhase;
			buildActionMask = 2147483647;
			files = (
				52D2155328021EE5005967F4 /* SnapKit in Frameworks */,
				5232551528044EEE009103F0 /* MovieAppData in Frameworks */,
			);
			runOnlyForDeploymentPostprocessing = 0;
		};
/* End PBXFrameworksBuildPhase section */

/* Begin PBXGroup section */
		5232550C2802201B009103F0 /* Frameworks */ = {
			isa = PBXGroup;
			children = (
				5232550D2802201C009103F0 /* XCTest.framework */,
			);
			name = Frameworks;
			sourceTree = "<group>";
		};
		5285DC2727EC6D2A005195AC = {
			isa = PBXGroup;
			children = (
				52D2154A28020D0B005967F4 /* Packages */,
				5285DC3227EC6D2A005195AC /* MovieApp */,
				5285DC3127EC6D2A005195AC /* Products */,
				5232550C2802201B009103F0 /* Frameworks */,
			);
			sourceTree = "<group>";
		};
		5285DC3127EC6D2A005195AC /* Products */ = {
			isa = PBXGroup;
			children = (
				5285DC3027EC6D2A005195AC /* MovieApp.app */,
			);
			name = Products;
			sourceTree = "<group>";
		};
		5285DC3227EC6D2A005195AC /* MovieApp */ = {
			isa = PBXGroup;
			children = (
				5285DC3327EC6D2A005195AC /* AppDelegate.swift */,
				5285DC3527EC6D2A005195AC /* SceneDelegate.swift */,
				520B83442823302A008FE2E6 /* TabBarController.swift */,
				520B8340282301BC008FE2E6 /* FavoritesViewController.swift */,
				5285DC3C27EC6D2C005195AC /* Assets.xcassets */,
				5285DC4127EC6D2C005195AC /* Info.plist */,
				524356FB27F0FC370051EB9B /* AppViewController.swift */,
				520B835A2827FA5E008FE2E6 /* TMDBMovieModel.swift */,
				520B835C2827FE9B008FE2E6 /* TMDBCreditsModel.swift */,
				520B834E28255A9D008FE2E6 /* CastView.swift */,
				52D2154D2802116B005967F4 /* MovieListViewController.swift */,
				520B83502825E8DD008FE2E6 /* NetworkServiceProtocol.swift */,
				520B83522825F1B2008FE2E6 /* NetworkServiceProtocolImplementation.swift */,
				520B83542825F63A008FE2E6 /* NetworkChecker.swift */,
				52F1688228090C80001E5539 /* CategoryGroupView.swift */,
				52998C872806E3B80062DB15 /* MovieCardView.swift */,
				520B834A2824737A008FE2E6 /* NetworkService.swift */,
				52D2154F280211B7005967F4 /* SearchBarView.swift */,
				520B834828243DC6008FE2E6 /* SearchResultsCollectionView.swift */,
				520B834C28254889008FE2E6 /* CastCollectionView.swift */,
				52325510280366DB009103F0 /* MovieCollectionView.swift */,
				520B83602828453F008FE2E6 /* TMDBGenresModel.swift */,
				520B83562826B098008FE2E6 /* CategoryModel.swift */,
				5232551628045185009103F0 /* MovieCell.swift */,
			);
			path = MovieApp;
			sourceTree = "<group>";
		};
		52D2154A28020D0B005967F4 /* Packages */ = {
			isa = PBXGroup;
			children = (
			);
			name = Packages;
			sourceTree = "<group>";
		};
/* End PBXGroup section */

/* Begin PBXNativeTarget section */
		5285DC2F27EC6D2A005195AC /* MovieApp */ = {
			isa = PBXNativeTarget;
			buildConfigurationList = 5285DC4427EC6D2C005195AC /* Build configuration list for PBXNativeTarget "MovieApp" */;
			buildPhases = (
				5285DC2C27EC6D2A005195AC /* Sources */,
				5285DC2D27EC6D2A005195AC /* Frameworks */,
				5285DC2E27EC6D2A005195AC /* Resources */,
			);
			buildRules = (
			);
			dependencies = (
			);
			name = MovieApp;
			packageProductDependencies = (
				52D2155228021EE5005967F4 /* SnapKit */,
				5232551428044EEE009103F0 /* MovieAppData */,
			);
			productName = MovieApp;
			productReference = 5285DC3027EC6D2A005195AC /* MovieApp.app */;
			productType = "com.apple.product-type.application";
		};
/* End PBXNativeTarget section */

/* Begin PBXProject section */
		5285DC2827EC6D2A005195AC /* Project object */ = {
			isa = PBXProject;
			attributes = {
				BuildIndependentTargetsInParallel = 1;
				LastSwiftUpdateCheck = 1320;
				LastUpgradeCheck = 1320;
				TargetAttributes = {
					5285DC2F27EC6D2A005195AC = {
						CreatedOnToolsVersion = 13.2.1;
					};
				};
			};
			buildConfigurationList = 5285DC2B27EC6D2A005195AC /* Build configuration list for PBXProject "MovieApp" */;
			compatibilityVersion = "Xcode 13.0";
			developmentRegion = en;
			hasScannedForEncodings = 0;
			knownRegions = (
				en,
				Base,
			);
			mainGroup = 5285DC2727EC6D2A005195AC;
			packageReferences = (
				52D2155128021EE5005967F4 /* XCRemoteSwiftPackageReference "SnapKit" */,
				5232551328044EEE009103F0 /* XCRemoteSwiftPackageReference "MovieAppData" */,
			);
			productRefGroup = 5285DC3127EC6D2A005195AC /* Products */;
			projectDirPath = "";
			projectRoot = "";
			targets = (
				5285DC2F27EC6D2A005195AC /* MovieApp */,
			);
		};
/* End PBXProject section */

/* Begin PBXResourcesBuildPhase section */
		5285DC2E27EC6D2A005195AC /* Resources */ = {
			isa = PBXResourcesBuildPhase;
			buildActionMask = 2147483647;
			files = (
				5285DC3D27EC6D2C005195AC /* Assets.xcassets in Resources */,
			);
			runOnlyForDeploymentPostprocessing = 0;
		};
/* End PBXResourcesBuildPhase section */

/* Begin PBXSourcesBuildPhase section */
		5285DC2C27EC6D2A005195AC /* Sources */ = {
			isa = PBXSourcesBuildPhase;
			buildActionMask = 2147483647;
			files = (
				520B83612828453F008FE2E6 /* TMDBGenresModel.swift in Sources */,
				520B835D2827FE9B008FE2E6 /* TMDBCreditsModel.swift in Sources */,
				5232551728045185009103F0 /* MovieCell.swift in Sources */,
				52D21550280211B7005967F4 /* SearchBarView.swift in Sources */,
				520B83552825F63A008FE2E6 /* NetworkChecker.swift in Sources */,
				520B834D28254889008FE2E6 /* CastCollectionView.swift in Sources */,
				520B83512825E8DD008FE2E6 /* NetworkServiceProtocol.swift in Sources */,
				520B83452823302A008FE2E6 /* TabBarController.swift in Sources */,
				52998C882806E3B80062DB15 /* MovieCardView.swift in Sources */,
				5285DC3427EC6D2A005195AC /* AppDelegate.swift in Sources */,
				520B834B2824737A008FE2E6 /* NetworkService.swift in Sources */,
				520B835B2827FA5E008FE2E6 /* TMDBMovieModel.swift in Sources */,
				5285DC3627EC6D2A005195AC /* SceneDelegate.swift in Sources */,
				524356FC27F0FC370051EB9B /* AppViewController.swift in Sources */,
				52D2154E2802116B005967F4 /* MovieListViewController.swift in Sources */,
				520B83572826B098008FE2E6 /* CategoryModel.swift in Sources */,
				52325511280366DB009103F0 /* MovieCollectionView.swift in Sources */,
				520B834928243DC6008FE2E6 /* SearchResultsCollectionView.swift in Sources */,
				520B83532825F1B2008FE2E6 /* NetworkServiceProtocolImplementation.swift in Sources */,
				520B8341282301BC008FE2E6 /* FavoritesViewController.swift in Sources */,
				52F1688328090C80001E5539 /* CategoryGroupView.swift in Sources */,
				520B834F28255A9D008FE2E6 /* CastView.swift in Sources */,
			);
			runOnlyForDeploymentPostprocessing = 0;
		};
/* End PBXSourcesBuildPhase section */

/* Begin XCBuildConfiguration section */
		5285DC4227EC6D2C005195AC /* Debug */ = {
			isa = XCBuildConfiguration;
			buildSettings = {
				ALWAYS_SEARCH_USER_PATHS = NO;
				CLANG_ANALYZER_NONNULL = YES;
				CLANG_ANALYZER_NUMBER_OBJECT_CONVERSION = YES_AGGRESSIVE;
				CLANG_CXX_LANGUAGE_STANDARD = "gnu++17";
				CLANG_CXX_LIBRARY = "libc++";
				CLANG_ENABLE_MODULES = YES;
				CLANG_ENABLE_OBJC_ARC = YES;
				CLANG_ENABLE_OBJC_WEAK = YES;
				CLANG_WARN_BLOCK_CAPTURE_AUTORELEASING = YES;
				CLANG_WARN_BOOL_CONVERSION = YES;
				CLANG_WARN_COMMA = YES;
				CLANG_WARN_CONSTANT_CONVERSION = YES;
				CLANG_WARN_DEPRECATED_OBJC_IMPLEMENTATIONS = YES;
				CLANG_WARN_DIRECT_OBJC_ISA_USAGE = YES_ERROR;
				CLANG_WARN_DOCUMENTATION_COMMENTS = YES;
				CLANG_WARN_EMPTY_BODY = YES;
				CLANG_WARN_ENUM_CONVERSION = YES;
				CLANG_WARN_INFINITE_RECURSION = YES;
				CLANG_WARN_INT_CONVERSION = YES;
				CLANG_WARN_NON_LITERAL_NULL_CONVERSION = YES;
				CLANG_WARN_OBJC_IMPLICIT_RETAIN_SELF = YES;
				CLANG_WARN_OBJC_LITERAL_CONVERSION = YES;
				CLANG_WARN_OBJC_ROOT_CLASS = YES_ERROR;
				CLANG_WARN_QUOTED_INCLUDE_IN_FRAMEWORK_HEADER = YES;
				CLANG_WARN_RANGE_LOOP_ANALYSIS = YES;
				CLANG_WARN_STRICT_PROTOTYPES = YES;
				CLANG_WARN_SUSPICIOUS_MOVE = YES;
				CLANG_WARN_UNGUARDED_AVAILABILITY = YES_AGGRESSIVE;
				CLANG_WARN_UNREACHABLE_CODE = YES;
				CLANG_WARN__DUPLICATE_METHOD_MATCH = YES;
				COPY_PHASE_STRIP = NO;
				DEBUG_INFORMATION_FORMAT = dwarf;
				ENABLE_STRICT_OBJC_MSGSEND = YES;
				ENABLE_TESTABILITY = YES;
				ENABLE_TESTING_SEARCH_PATHS = YES;
				GCC_C_LANGUAGE_STANDARD = gnu11;
				GCC_DYNAMIC_NO_PIC = NO;
				GCC_NO_COMMON_BLOCKS = YES;
				GCC_OPTIMIZATION_LEVEL = 0;
				GCC_PREPROCESSOR_DEFINITIONS = (
					"DEBUG=1",
					"$(inherited)",
				);
				GCC_WARN_64_TO_32_BIT_CONVERSION = YES;
				GCC_WARN_ABOUT_RETURN_TYPE = YES_ERROR;
				GCC_WARN_UNDECLARED_SELECTOR = YES;
				GCC_WARN_UNINITIALIZED_AUTOS = YES_AGGRESSIVE;
				GCC_WARN_UNUSED_FUNCTION = YES;
				GCC_WARN_UNUSED_VARIABLE = YES;
				IPHONEOS_DEPLOYMENT_TARGET = 15.2;
				MTL_ENABLE_DEBUG_INFO = INCLUDE_SOURCE;
				MTL_FAST_MATH = YES;
				ONLY_ACTIVE_ARCH = YES;
				SDKROOT = iphoneos;
				SWIFT_ACTIVE_COMPILATION_CONDITIONS = DEBUG;
				SWIFT_OPTIMIZATION_LEVEL = "-Onone";
			};
			name = Debug;
		};
		5285DC4327EC6D2C005195AC /* Release */ = {
			isa = XCBuildConfiguration;
			buildSettings = {
				ALWAYS_SEARCH_USER_PATHS = NO;
				CLANG_ANALYZER_NONNULL = YES;
				CLANG_ANALYZER_NUMBER_OBJECT_CONVERSION = YES_AGGRESSIVE;
				CLANG_CXX_LANGUAGE_STANDARD = "gnu++17";
				CLANG_CXX_LIBRARY = "libc++";
				CLANG_ENABLE_MODULES = YES;
				CLANG_ENABLE_OBJC_ARC = YES;
				CLANG_ENABLE_OBJC_WEAK = YES;
				CLANG_WARN_BLOCK_CAPTURE_AUTORELEASING = YES;
				CLANG_WARN_BOOL_CONVERSION = YES;
				CLANG_WARN_COMMA = YES;
				CLANG_WARN_CONSTANT_CONVERSION = YES;
				CLANG_WARN_DEPRECATED_OBJC_IMPLEMENTATIONS = YES;
				CLANG_WARN_DIRECT_OBJC_ISA_USAGE = YES_ERROR;
				CLANG_WARN_DOCUMENTATION_COMMENTS = YES;
				CLANG_WARN_EMPTY_BODY = YES;
				CLANG_WARN_ENUM_CONVERSION = YES;
				CLANG_WARN_INFINITE_RECURSION = YES;
				CLANG_WARN_INT_CONVERSION = YES;
				CLANG_WARN_NON_LITERAL_NULL_CONVERSION = YES;
				CLANG_WARN_OBJC_IMPLICIT_RETAIN_SELF = YES;
				CLANG_WARN_OBJC_LITERAL_CONVERSION = YES;
				CLANG_WARN_OBJC_ROOT_CLASS = YES_ERROR;
				CLANG_WARN_QUOTED_INCLUDE_IN_FRAMEWORK_HEADER = YES;
				CLANG_WARN_RANGE_LOOP_ANALYSIS = YES;
				CLANG_WARN_STRICT_PROTOTYPES = YES;
				CLANG_WARN_SUSPICIOUS_MOVE = YES;
				CLANG_WARN_UNGUARDED_AVAILABILITY = YES_AGGRESSIVE;
				CLANG_WARN_UNREACHABLE_CODE = YES;
				CLANG_WARN__DUPLICATE_METHOD_MATCH = YES;
				COPY_PHASE_STRIP = NO;
				DEBUG_INFORMATION_FORMAT = "dwarf-with-dsym";
				ENABLE_NS_ASSERTIONS = NO;
				ENABLE_STRICT_OBJC_MSGSEND = YES;
				ENABLE_TESTING_SEARCH_PATHS = YES;
				GCC_C_LANGUAGE_STANDARD = gnu11;
				GCC_NO_COMMON_BLOCKS = YES;
				GCC_WARN_64_TO_32_BIT_CONVERSION = YES;
				GCC_WARN_ABOUT_RETURN_TYPE = YES_ERROR;
				GCC_WARN_UNDECLARED_SELECTOR = YES;
				GCC_WARN_UNINITIALIZED_AUTOS = YES_AGGRESSIVE;
				GCC_WARN_UNUSED_FUNCTION = YES;
				GCC_WARN_UNUSED_VARIABLE = YES;
				IPHONEOS_DEPLOYMENT_TARGET = 15.2;
				MTL_ENABLE_DEBUG_INFO = NO;
				MTL_FAST_MATH = YES;
				SDKROOT = iphoneos;
				SWIFT_COMPILATION_MODE = wholemodule;
				SWIFT_OPTIMIZATION_LEVEL = "-O";
				VALIDATE_PRODUCT = YES;
			};
			name = Release;
		};
		5285DC4527EC6D2C005195AC /* Debug */ = {
			isa = XCBuildConfiguration;
			buildSettings = {
				ASSETCATALOG_COMPILER_APPICON_NAME = AppIcon;
				ASSETCATALOG_COMPILER_GLOBAL_ACCENT_COLOR_NAME = AccentColor;
				CODE_SIGN_STYLE = Automatic;
				CURRENT_PROJECT_VERSION = 1;
				GENERATE_INFOPLIST_FILE = YES;
				INFOPLIST_FILE = MovieApp/Info.plist;
				INFOPLIST_KEY_UIApplicationSupportsIndirectInputEvents = YES;
				INFOPLIST_KEY_UILaunchStoryboardName = LaunchScreen;
				INFOPLIST_KEY_UISupportedInterfaceOrientations_iPad = "UIInterfaceOrientationPortrait UIInterfaceOrientationPortraitUpsideDown UIInterfaceOrientationLandscapeLeft UIInterfaceOrientationLandscapeRight";
				INFOPLIST_KEY_UISupportedInterfaceOrientations_iPhone = "UIInterfaceOrientationPortrait UIInterfaceOrientationLandscapeLeft UIInterfaceOrientationLandscapeRight";
				LD_RUNPATH_SEARCH_PATHS = (
					"$(inherited)",
					"@executable_path/Frameworks",
				);
				MARKETING_VERSION = 1.0;
				NEW_SETTING = "";
				PRODUCT_BUNDLE_IDENTIFIER = com.fer.cvijanovic.adrian.MovieApp;
				PRODUCT_NAME = "$(TARGET_NAME)";
				SWIFT_EMIT_LOC_STRINGS = YES;
				SWIFT_VERSION = 5.0;
				SYSTEM_FRAMEWORK_SEARCH_PATHS = "";
				TARGETED_DEVICE_FAMILY = "1,2";
			};
			name = Debug;
		};
		5285DC4627EC6D2C005195AC /* Release */ = {
			isa = XCBuildConfiguration;
			buildSettings = {
				ASSETCATALOG_COMPILER_APPICON_NAME = AppIcon;
				ASSETCATALOG_COMPILER_GLOBAL_ACCENT_COLOR_NAME = AccentColor;
				CODE_SIGN_STYLE = Automatic;
				CURRENT_PROJECT_VERSION = 1;
				GENERATE_INFOPLIST_FILE = YES;
				INFOPLIST_FILE = MovieApp/Info.plist;
				INFOPLIST_KEY_UIApplicationSupportsIndirectInputEvents = YES;
				INFOPLIST_KEY_UILaunchStoryboardName = LaunchScreen;
				INFOPLIST_KEY_UISupportedInterfaceOrientations_iPad = "UIInterfaceOrientationPortrait UIInterfaceOrientationPortraitUpsideDown UIInterfaceOrientationLandscapeLeft UIInterfaceOrientationLandscapeRight";
				INFOPLIST_KEY_UISupportedInterfaceOrientations_iPhone = "UIInterfaceOrientationPortrait UIInterfaceOrientationLandscapeLeft UIInterfaceOrientationLandscapeRight";
				LD_RUNPATH_SEARCH_PATHS = (
					"$(inherited)",
					"@executable_path/Frameworks",
				);
				MARKETING_VERSION = 1.0;
				NEW_SETTING = "";
				PRODUCT_BUNDLE_IDENTIFIER = com.fer.cvijanovic.adrian.MovieApp;
				PRODUCT_NAME = "$(TARGET_NAME)";
				SWIFT_EMIT_LOC_STRINGS = YES;
				SWIFT_VERSION = 5.0;
				SYSTEM_FRAMEWORK_SEARCH_PATHS = "";
				TARGETED_DEVICE_FAMILY = "1,2";
			};
			name = Release;
		};
/* End XCBuildConfiguration section */

/* Begin XCConfigurationList section */
		5285DC2B27EC6D2A005195AC /* Build configuration list for PBXProject "MovieApp" */ = {
			isa = XCConfigurationList;
			buildConfigurations = (
				5285DC4227EC6D2C005195AC /* Debug */,
				5285DC4327EC6D2C005195AC /* Release */,
			);
			defaultConfigurationIsVisible = 0;
			defaultConfigurationName = Release;
		};
		5285DC4427EC6D2C005195AC /* Build configuration list for PBXNativeTarget "MovieApp" */ = {
			isa = XCConfigurationList;
			buildConfigurations = (
				5285DC4527EC6D2C005195AC /* Debug */,
				5285DC4627EC6D2C005195AC /* Release */,
			);
			defaultConfigurationIsVisible = 0;
			defaultConfigurationName = Release;
		};
/* End XCConfigurationList section */

/* Begin XCRemoteSwiftPackageReference section */
		5232551328044EEE009103F0 /* XCRemoteSwiftPackageReference "MovieAppData" */ = {
			isa = XCRemoteSwiftPackageReference;
			repositoryURL = "https://github.com/fiveagency/MovieAppData.git";
			requirement = {
				kind = upToNextMajorVersion;
				minimumVersion = 1.0.0;
			};
		};
		52D2155128021EE5005967F4 /* XCRemoteSwiftPackageReference "SnapKit" */ = {
			isa = XCRemoteSwiftPackageReference;
			repositoryURL = "https://github.com/SnapKit/SnapKit.git";
			requirement = {
				kind = upToNextMajorVersion;
				minimumVersion = 5.0.0;
			};
		};
/* End XCRemoteSwiftPackageReference section */

/* Begin XCSwiftPackageProductDependency section */
		5232551428044EEE009103F0 /* MovieAppData */ = {
			isa = XCSwiftPackageProductDependency;
			package = 5232551328044EEE009103F0 /* XCRemoteSwiftPackageReference "MovieAppData" */;
			productName = MovieAppData;
		};
		52D2155228021EE5005967F4 /* SnapKit */ = {
			isa = XCSwiftPackageProductDependency;
			package = 52D2155128021EE5005967F4 /* XCRemoteSwiftPackageReference "SnapKit" */;
			productName = SnapKit;
		};
/* End XCSwiftPackageProductDependency section */
	};
	rootObject = 5285DC2827EC6D2A005195AC /* Project object */;
}
